alexey@ask-pc-fed-vb:~/otus/otus-hl-hw/10$ tofu apply

OpenTofu used the selected providers to generate the following execution plan. Resource actions are indicated with the following symbols:
  + create

OpenTofu will perform the following actions:

  # local_file.inventory_file will be created
  + resource "local_file" "inventory_file" {
      + content              = (sensitive value)
      + content_base64sha256 = (known after apply)
      + content_base64sha512 = (known after apply)
      + content_md5          = (known after apply)
      + content_sha1         = (known after apply)
      + content_sha256       = (known after apply)
      + content_sha512       = (known after apply)
      + directory_permission = "0777"
      + file_permission      = "0777"
      + filename             = "./ansible/inventory.txt"
      + id                   = (known after apply)
    }

  # proxmox_vm_qemu.backend_hosts[0] will be created
  + resource "proxmox_vm_qemu" "backend_hosts" {
      + additional_wait           = 5
      + agent                     = 1
      + automatic_reboot          = true
      + balloon                   = 0
      + bios                      = "seabios"
      + boot                      = (known after apply)
      + bootdisk                  = "scsi0"
      + ciuser                    = "akopalev"
      + clone                     = "AlmaLinux-9-GenericCloud-amd64"
      + clone_wait                = 10
      + cores                     = 2
      + cpu                       = "host"
      + default_ipv4_address      = (known after apply)
      + define_connection_info    = true
      + force_create              = false
      + full_clone                = true
      + guest_agent_ready_timeout = 100
      + hotplug                   = "network,disk,usb"
      + id                        = (known after apply)
      + ipconfig0                 = "ip=10.6.7.50/24,gw=10.6.7.1"
      + kvm                       = true
      + memory                    = 2048
      + name                      = "backend-srv"
      + nameserver                = (known after apply)
      + onboot                    = false
      + oncreate                  = true
      + os_type                   = "cloud-init"
      + preprovision              = true
      + reboot_required           = (known after apply)
      + scsihw                    = "virtio-scsi-single"
      + searchdomain              = (known after apply)
      + sockets                   = 1
      + ssh_host                  = (known after apply)
      + ssh_port                  = (known after apply)
      + ssh_user                  = "akopalev"
      + sshkeys                   = <<-EOT
            ssh-rsa AAAAB3NzaC1yc2EAAAADAQABAAABgQCxHlMc4ySp0W7oIBf1aRAxdIaoFyx3IZ+PNpAvDgluLZxmNLJ22ImYIcQkloY9tLwhD6guIdkoWtSusrjPfAO5bEPwKfa5GI51Qoq76gZ5/KyMtnYAARDyuSbMjeqaAJaF71oGKC4032hTlXtvMf7wAy8nfrP3zrRE7PDsqLh5vuVctAa78SFHp92394GYU0LkeCbE8dN+RW7T1wFoK7jK2HfVfLZMXtiJT3pji7jtkB7SKW8hNCeojKylZSW/AQhEyo32aPjZHomtQDkJ4DPVkPiGmcpDtpQ5u0fm0soEkODlKzECiNZM2pQq/gRdSmvObMbCkot5yjS4+uAqxl4jnzJU57lWDtFrIvkBDGJ2Y564r/pctq9uWp/QSbPgEv8uT/QaIoVeYMO723HHSzLRPVslrQiwkCU1qTFFHFCA2OlGJLZF05mGEi7pDAv2EX6PmfTdKwh8IsamEUgZsYbo+/RWKi56VDFGsZttrW3kVQ9mYEUAgitkDWnwpFO8DVU= alexey@vivobook-fedora
        EOT
      + tablet                    = true
      + target_node               = "pve-fortest"
      + unused_disk               = (known after apply)
      + vcpus                     = 0
      + vlan                      = -1
      + vmid                      = (known after apply)

      + disk {
          + backup             = true
          + cache              = "none"
          + file               = (known after apply)
          + format             = (known after apply)
          + iops               = 0
          + iops_max           = 0
          + iops_max_length    = 0
          + iops_rd            = 0
          + iops_rd_max        = 0
          + iops_rd_max_length = 0
          + iops_wr            = 0
          + iops_wr_max        = 0
          + iops_wr_max_length = 0
          + iothread           = 0
          + mbps               = 0
          + mbps_rd            = 0
          + mbps_rd_max        = 0
          + mbps_wr            = 0
          + mbps_wr_max        = 0
          + media              = (known after apply)
          + replicate          = 0
          + size               = "10G"
          + slot               = 0
          + ssd                = 1
          + storage            = "ssd_1tb"
          + storage_type       = (known after apply)
          + type               = "scsi"
          + volume             = (known after apply)
        }

      + network {
          + bridge    = "vmbr1"
          + firewall  = false
          + link_down = false
          + macaddr   = (known after apply)
          + model     = "virtio"
          + queues    = (known after apply)
          + rate      = (known after apply)
          + tag       = -1
        }
    }

  # proxmox_vm_qemu.bast_host[0] will be created
  + resource "proxmox_vm_qemu" "bast_host" {
      + additional_wait           = 5
      + agent                     = 1
      + automatic_reboot          = true
      + balloon                   = 0
      + bios                      = "seabios"
      + boot                      = (known after apply)
      + bootdisk                  = "scsi0"
      + ciuser                    = "akopalev"
      + clone                     = "AlmaLinux-9-GenericCloud-amd64"
      + clone_wait                = 10
      + cores                     = 2
      + cpu                       = "host"
      + default_ipv4_address      = (known after apply)
      + define_connection_info    = true
      + force_create              = false
      + full_clone                = true
      + guest_agent_ready_timeout = 100
      + hotplug                   = "network,disk,usb"
      + id                        = (known after apply)
      + ipconfig0                 = "ip=10.6.6.11/24,gw=10.6.6.1"
      + kvm                       = true
      + memory                    = 2048
      + name                      = "bast-host"
      + nameserver                = (known after apply)
      + onboot                    = false
      + oncreate                  = true
      + os_type                   = "cloud-init"
      + preprovision              = true
      + reboot_required           = (known after apply)
      + scsihw                    = "virtio-scsi-single"
      + searchdomain              = (known after apply)
      + sockets                   = 1
      + ssh_host                  = (known after apply)
      + ssh_port                  = (known after apply)
      + ssh_user                  = "akopalev"
      + sshkeys                   = <<-EOT
            ssh-rsa AAAAB3NzaC1yc2EAAAADAQABAAABgQCxHlMc4ySp0W7oIBf1aRAxdIaoFyx3IZ+PNpAvDgluLZxmNLJ22ImYIcQkloY9tLwhD6guIdkoWtSusrjPfAO5bEPwKfa5GI51Qoq76gZ5/KyMtnYAARDyuSbMjeqaAJaF71oGKC4032hTlXtvMf7wAy8nfrP3zrRE7PDsqLh5vuVctAa78SFHp92394GYU0LkeCbE8dN+RW7T1wFoK7jK2HfVfLZMXtiJT3pji7jtkB7SKW8hNCeojKylZSW/AQhEyo32aPjZHomtQDkJ4DPVkPiGmcpDtpQ5u0fm0soEkODlKzECiNZM2pQq/gRdSmvObMbCkot5yjS4+uAqxl4jnzJU57lWDtFrIvkBDGJ2Y564r/pctq9uWp/QSbPgEv8uT/QaIoVeYMO723HHSzLRPVslrQiwkCU1qTFFHFCA2OlGJLZF05mGEi7pDAv2EX6PmfTdKwh8IsamEUgZsYbo+/RWKi56VDFGsZttrW3kVQ9mYEUAgitkDWnwpFO8DVU= alexey@vivobook-fedora
        EOT
      + tablet                    = true
      + target_node               = "pve-fortest"
      + unused_disk               = (known after apply)
      + vcpus                     = 0
      + vlan                      = -1
      + vmid                      = (known after apply)

      + disk {
          + backup             = true
          + cache              = "none"
          + file               = (known after apply)
          + format             = (known after apply)
          + iops               = 0
          + iops_max           = 0
          + iops_max_length    = 0
          + iops_rd            = 0
          + iops_rd_max        = 0
          + iops_rd_max_length = 0
          + iops_wr            = 0
          + iops_wr_max        = 0
          + iops_wr_max_length = 0
          + iothread           = 0
          + mbps               = 0
          + mbps_rd            = 0
          + mbps_rd_max        = 0
          + mbps_wr            = 0
          + mbps_wr_max        = 0
          + media              = (known after apply)
          + replicate          = 0
          + size               = "10G"
          + slot               = 0
          + ssd                = 1
          + storage            = "ssd_1tb"
          + storage_type       = (known after apply)
          + type               = "scsi"
          + volume             = (known after apply)
        }

      + network {
          + bridge    = "vmbr0"
          + firewall  = false
          + link_down = false
          + macaddr   = (known after apply)
          + model     = "virtio"
          + queues    = (known after apply)
          + rate      = (known after apply)
          + tag       = -1
        }
    }

  # proxmox_vm_qemu.db_hosts[0] will be created
  + resource "proxmox_vm_qemu" "db_hosts" {
      + additional_wait           = 5
      + agent                     = 1
      + automatic_reboot          = true
      + balloon                   = 0
      + bios                      = "seabios"
      + boot                      = (known after apply)
      + bootdisk                  = "scsi0"
      + ciuser                    = "akopalev"
      + clone                     = "AlmaLinux-9-GenericCloud-amd64"
      + clone_wait                = 10
      + cores                     = 2
      + cpu                       = "host"
      + default_ipv4_address      = (known after apply)
      + define_connection_info    = true
      + force_create              = false
      + full_clone                = true
      + guest_agent_ready_timeout = 100
      + hotplug                   = "network,disk,usb"
      + id                        = (known after apply)
      + ipconfig0                 = "ip=10.6.7.6/24,gw=10.6.7.1"
      + kvm                       = true
      + memory                    = 2048
      + name                      = "db-srv"
      + nameserver                = (known after apply)
      + onboot                    = false
      + oncreate                  = true
      + os_type                   = "cloud-init"
      + preprovision              = true
      + reboot_required           = (known after apply)
      + scsihw                    = "virtio-scsi-single"
      + searchdomain              = (known after apply)
      + sockets                   = 1
      + ssh_host                  = (known after apply)
      + ssh_port                  = (known after apply)
      + ssh_user                  = "akopalev"
      + sshkeys                   = <<-EOT
            ssh-rsa AAAAB3NzaC1yc2EAAAADAQABAAABgQCxHlMc4ySp0W7oIBf1aRAxdIaoFyx3IZ+PNpAvDgluLZxmNLJ22ImYIcQkloY9tLwhD6guIdkoWtSusrjPfAO5bEPwKfa5GI51Qoq76gZ5/KyMtnYAARDyuSbMjeqaAJaF71oGKC4032hTlXtvMf7wAy8nfrP3zrRE7PDsqLh5vuVctAa78SFHp92394GYU0LkeCbE8dN+RW7T1wFoK7jK2HfVfLZMXtiJT3pji7jtkB7SKW8hNCeojKylZSW/AQhEyo32aPjZHomtQDkJ4DPVkPiGmcpDtpQ5u0fm0soEkODlKzECiNZM2pQq/gRdSmvObMbCkot5yjS4+uAqxl4jnzJU57lWDtFrIvkBDGJ2Y564r/pctq9uWp/QSbPgEv8uT/QaIoVeYMO723HHSzLRPVslrQiwkCU1qTFFHFCA2OlGJLZF05mGEi7pDAv2EX6PmfTdKwh8IsamEUgZsYbo+/RWKi56VDFGsZttrW3kVQ9mYEUAgitkDWnwpFO8DVU= alexey@vivobook-fedora
        EOT
      + tablet                    = true
      + target_node               = "pve-fortest"
      + unused_disk               = (known after apply)
      + vcpus                     = 0
      + vlan                      = -1
      + vmid                      = (known after apply)

      + disk {
          + backup             = true
          + cache              = "none"
          + file               = (known after apply)
          + format             = (known after apply)
          + iops               = 0
          + iops_max           = 0
          + iops_max_length    = 0
          + iops_rd            = 0
          + iops_rd_max        = 0
          + iops_rd_max_length = 0
          + iops_wr            = 0
          + iops_wr_max        = 0
          + iops_wr_max_length = 0
          + iothread           = 0
          + mbps               = 0
          + mbps_rd            = 0
          + mbps_rd_max        = 0
          + mbps_wr            = 0
          + mbps_wr_max        = 0
          + media              = (known after apply)
          + replicate          = 0
          + size               = "10G"
          + slot               = 0
          + ssd                = 1
          + storage            = "ssd_1tb"
          + storage_type       = (known after apply)
          + type               = "scsi"
          + volume             = (known after apply)
        }

      + network {
          + bridge    = "vmbr1"
          + firewall  = false
          + link_down = false
          + macaddr   = (known after apply)
          + model     = "virtio"
          + queues    = (known after apply)
          + rate      = (known after apply)
          + tag       = -1
        }
    }

Plan: 4 to add, 0 to change, 0 to destroy.

Do you want to perform these actions?
  OpenTofu will perform the actions described above.
  Only 'yes' will be accepted to approve.

  Enter a value: yes

proxmox_vm_qemu.bast_host[0]: Creating...
proxmox_vm_qemu.backend_hosts[0]: Creating...
proxmox_vm_qemu.db_hosts[0]: Creating...
proxmox_vm_qemu.bast_host[0]: Still creating... [10s elapsed]
proxmox_vm_qemu.backend_hosts[0]: Still creating... [10s elapsed]
proxmox_vm_qemu.db_hosts[0]: Still creating... [10s elapsed]
proxmox_vm_qemu.backend_hosts[0]: Still creating... [20s elapsed]
proxmox_vm_qemu.bast_host[0]: Still creating... [20s elapsed]
proxmox_vm_qemu.db_hosts[0]: Still creating... [20s elapsed]
proxmox_vm_qemu.backend_hosts[0]: Still creating... [30s elapsed]
proxmox_vm_qemu.bast_host[0]: Still creating... [30s elapsed]
proxmox_vm_qemu.db_hosts[0]: Still creating... [30s elapsed]
proxmox_vm_qemu.db_hosts[0]: Creation complete after 39s [id=pve-fortest/qemu/102]
proxmox_vm_qemu.bast_host[0]: Creation complete after 39s [id=pve-fortest/qemu/100]
proxmox_vm_qemu.backend_hosts[0]: Creation complete after 39s [id=pve-fortest/qemu/101]
local_file.inventory_file: Creating...
local_file.inventory_file: Creation complete after 0s [id=32d5b790328402430d2aa4f7fc4eac9f47dbecbb]
